// !$*UTF8*$!
{
	archiveVersion = 1;
	classes = {
	};
	objectVersion = 46;
	objects = {

/* Begin PBXBuildFile section */
		8728488C1EFD5E1800E20AAD /* CalculatorBrainTests.swift in Sources */ = {isa = PBXBuildFile; fileRef = 8728488A1EFD5E1800E20AAD /* CalculatorBrainTests.swift */; };
		8728488D1EFD5E1800E20AAD /* ExtensionTests.swift in Sources */ = {isa = PBXBuildFile; fileRef = 8728488B1EFD5E1800E20AAD /* ExtensionTests.swift */; };
		8728488F1EFD5E2100E20AAD /* ViewControllerUITests.swift in Sources */ = {isa = PBXBuildFile; fileRef = 8728488E1EFD5E2100E20AAD /* ViewControllerUITests.swift */; };
		87D49C741EE5C40300D25CBE /* AppDelegate.swift in Sources */ = {isa = PBXBuildFile; fileRef = 87D49C731EE5C40300D25CBE /* AppDelegate.swift */; };
		87D49C761EE5C40300D25CBE /* ViewController.swift in Sources */ = {isa = PBXBuildFile; fileRef = 87D49C751EE5C40300D25CBE /* ViewController.swift */; };
		87D49C791EE5C40300D25CBE /* Main.storyboard in Resources */ = {isa = PBXBuildFile; fileRef = 87D49C771EE5C40300D25CBE /* Main.storyboard */; };
		87D49C7B1EE5C40300D25CBE /* Assets.xcassets in Resources */ = {isa = PBXBuildFile; fileRef = 87D49C7A1EE5C40300D25CBE /* Assets.xcassets */; };
		87D49C7E1EE5C40300D25CBE /* LaunchScreen.storyboard in Resources */ = {isa = PBXBuildFile; fileRef = 87D49C7C1EE5C40300D25CBE /* LaunchScreen.storyboard */; };
		87D49CA31EE6D11C00D25CBE /* CalculatorBrain.swift in Sources */ = {isa = PBXBuildFile; fileRef = 87D49CA21EE6D11C00D25CBE /* CalculatorBrain.swift */; };
		87D49CA51EEACACF00D25CBE /* Extensions.swift in Sources */ = {isa = PBXBuildFile; fileRef = 87D49CA41EEACACF00D25CBE /* Extensions.swift */; };
/* End PBXBuildFile section */

/* Begin PBXContainerItemProxy section */
		87D49C851EE5C40300D25CBE /* PBXContainerItemProxy */ = {
			isa = PBXContainerItemProxy;
			containerPortal = 87D49C681EE5C40300D25CBE /* Project object */;
			proxyType = 1;
			remoteGlobalIDString = 87D49C6F1EE5C40300D25CBE;
			remoteInfo = Calculator;
		};
		87D49C901EE5C40300D25CBE /* PBXContainerItemProxy */ = {
			isa = PBXContainerItemProxy;
			containerPortal = 87D49C681EE5C40300D25CBE /* Project object */;
			proxyType = 1;
			remoteGlobalIDString = 87D49C6F1EE5C40300D25CBE;
			remoteInfo = Calculator;
		};
/* End PBXContainerItemProxy section */

/* Begin PBXFileReference section */
		8728488A1EFD5E1800E20AAD /* CalculatorBrainTests.swift */ = {isa = PBXFileReference; fileEncoding = 4; lastKnownFileType = sourcecode.swift; path = CalculatorBrainTests.swift; sourceTree = "<group>"; };
		8728488B1EFD5E1800E20AAD /* ExtensionTests.swift */ = {isa = PBXFileReference; fileEncoding = 4; lastKnownFileType = sourcecode.swift; path = ExtensionTests.swift; sourceTree = "<group>"; };
		8728488E1EFD5E2100E20AAD /* ViewControllerUITests.swift */ = {isa = PBXFileReference; fileEncoding = 4; lastKnownFileType = sourcecode.swift; path = ViewControllerUITests.swift; sourceTree = "<group>"; };
		87D49C701EE5C40300D25CBE /* Calculator.app */ = {isa = PBXFileReference; explicitFileType = wrapper.application; includeInIndex = 0; path = Calculator.app; sourceTree = BUILT_PRODUCTS_DIR; };
		87D49C731EE5C40300D25CBE /* AppDelegate.swift */ = {isa = PBXFileReference; lastKnownFileType = sourcecode.swift; path = AppDelegate.swift; sourceTree = "<group>"; };
		87D49C751EE5C40300D25CBE /* ViewController.swift */ = {isa = PBXFileReference; lastKnownFileType = sourcecode.swift; path = ViewController.swift; sourceTree = "<group>"; };
		87D49C781EE5C40300D25CBE /* Base */ = {isa = PBXFileReference; lastKnownFileType = file.storyboard; name = Base; path = Base.lproj/Main.storyboard; sourceTree = "<group>"; };
		87D49C7A1EE5C40300D25CBE /* Assets.xcassets */ = {isa = PBXFileReference; lastKnownFileType = folder.assetcatalog; path = Assets.xcassets; sourceTree = "<group>"; };
		87D49C7D1EE5C40300D25CBE /* Base */ = {isa = PBXFileReference; lastKnownFileType = file.storyboard; name = Base; path = Base.lproj/LaunchScreen.storyboard; sourceTree = "<group>"; };
		87D49C7F1EE5C40300D25CBE /* Info.plist */ = {isa = PBXFileReference; lastKnownFileType = text.plist.xml; path = Info.plist; sourceTree = "<group>"; };
		87D49C841EE5C40300D25CBE /* CalculatorTests.xctest */ = {isa = PBXFileReference; explicitFileType = wrapper.cfbundle; includeInIndex = 0; path = CalculatorTests.xctest; sourceTree = BUILT_PRODUCTS_DIR; };
		87D49C8A1EE5C40300D25CBE /* Info.plist */ = {isa = PBXFileReference; lastKnownFileType = text.plist.xml; path = Info.plist; sourceTree = "<group>"; };
		87D49C8F1EE5C40300D25CBE /* CalculatorUITests.xctest */ = {isa = PBXFileReference; explicitFileType = wrapper.cfbundle; includeInIndex = 0; path = CalculatorUITests.xctest; sourceTree = BUILT_PRODUCTS_DIR; };
		87D49C951EE5C40300D25CBE /* Info.plist */ = {isa = PBXFileReference; lastKnownFileType = text.plist.xml; path = Info.plist; sourceTree = "<group>"; };
		87D49CA21EE6D11C00D25CBE /* CalculatorBrain.swift */ = {isa = PBXFileReference; fileEncoding = 4; lastKnownFileType = sourcecode.swift; path = CalculatorBrain.swift; sourceTree = "<group>"; };
		87D49CA41EEACACF00D25CBE /* Extensions.swift */ = {isa = PBXFileReference; fileEncoding = 4; lastKnownFileType = sourcecode.swift; path = Extensions.swift; sourceTree = "<group>"; };
/* End PBXFileReference section */

/* Begin PBXFrameworksBuildPhase section */
		87D49C6D1EE5C40300D25CBE /* Frameworks */ = {
			isa = PBXFrameworksBuildPhase;
			buildActionMask = 2147483647;
			files = (
			);
			runOnlyForDeploymentPostprocessing = 0;
		};
		87D49C811EE5C40300D25CBE /* Frameworks */ = {
			isa = PBXFrameworksBuildPhase;
			buildActionMask = 2147483647;
			files = (
			);
			runOnlyForDeploymentPostprocessing = 0;
		};
		87D49C8C1EE5C40300D25CBE /* Frameworks */ = {
			isa = PBXFrameworksBuildPhase;
			buildActionMask = 2147483647;
			files = (
			);
			runOnlyForDeploymentPostprocessing = 0;
		};
/* End PBXFrameworksBuildPhase section */

/* Begin PBXGroup section */
		87D49C671EE5C40300D25CBE = {
			isa = PBXGroup;
			children = (
				87D49C721EE5C40300D25CBE /* Calculator */,
				87D49C871EE5C40300D25CBE /* CalculatorTests */,
				87D49C921EE5C40300D25CBE /* CalculatorUITests */,
				87D49C711EE5C40300D25CBE /* Products */,
			);
			sourceTree = "<group>";
		};
		87D49C711EE5C40300D25CBE /* Products */ = {
			isa = PBXGroup;
			children = (
				87D49C701EE5C40300D25CBE /* Calculator.app */,
				87D49C841EE5C40300D25CBE /* CalculatorTests.xctest */,
				87D49C8F1EE5C40300D25CBE /* CalculatorUITests.xctest */,
			);
			name = Products;
			sourceTree = "<group>";
		};
		87D49C721EE5C40300D25CBE /* Calculator */ = {
			isa = PBXGroup;
			children = (
				87D49C751EE5C40300D25CBE /* ViewController.swift */,
				87D49CA21EE6D11C00D25CBE /* CalculatorBrain.swift */,
				87D49C771EE5C40300D25CBE /* Main.storyboard */,
				87D49CA41EEACACF00D25CBE /* Extensions.swift */,
				87D49CA11EE5C48800D25CBE /* SupportingFiles */,
			);
			path = Calculator;
			sourceTree = "<group>";
		};
		87D49C871EE5C40300D25CBE /* CalculatorTests */ = {
			isa = PBXGroup;
			children = (
				8728488A1EFD5E1800E20AAD /* CalculatorBrainTests.swift */,
				8728488B1EFD5E1800E20AAD /* ExtensionTests.swift */,
				87D49C8A1EE5C40300D25CBE /* Info.plist */,
			);
			path = CalculatorTests;
			sourceTree = "<group>";
		};
		87D49C921EE5C40300D25CBE /* CalculatorUITests */ = {
			isa = PBXGroup;
			children = (
				8728488E1EFD5E2100E20AAD /* ViewControllerUITests.swift */,
				87D49C951EE5C40300D25CBE /* Info.plist */,
			);
			path = CalculatorUITests;
			sourceTree = "<group>";
		};
		87D49CA11EE5C48800D25CBE /* SupportingFiles */ = {
			isa = PBXGroup;
			children = (
				87D49C731EE5C40300D25CBE /* AppDelegate.swift */,
				87D49C7A1EE5C40300D25CBE /* Assets.xcassets */,
				87D49C7C1EE5C40300D25CBE /* LaunchScreen.storyboard */,
				87D49C7F1EE5C40300D25CBE /* Info.plist */,
			);
			name = SupportingFiles;
			sourceTree = "<group>";
		};
/* End PBXGroup section */

/* Begin PBXNativeTarget section */
		87D49C6F1EE5C40300D25CBE /* Calculator */ = {
			isa = PBXNativeTarget;
			buildConfigurationList = 87D49C981EE5C40300D25CBE /* Build configuration list for PBXNativeTarget "Calculator" */;
			buildPhases = (
				87D49C6C1EE5C40300D25CBE /* Sources */,
				87D49C6D1EE5C40300D25CBE /* Frameworks */,
				87D49C6E1EE5C40300D25CBE /* Resources */,
			);
			buildRules = (
			);
			dependencies = (
			);
			name = Calculator;
			productName = Calculator;
			productReference = 87D49C701EE5C40300D25CBE /* Calculator.app */;
			productType = "com.apple.product-type.application";
		};
		87D49C831EE5C40300D25CBE /* CalculatorTests */ = {
			isa = PBXNativeTarget;
			buildConfigurationList = 87D49C9B1EE5C40300D25CBE /* Build configuration list for PBXNativeTarget "CalculatorTests" */;
			buildPhases = (
				87D49C801EE5C40300D25CBE /* Sources */,
				87D49C811EE5C40300D25CBE /* Frameworks */,
				87D49C821EE5C40300D25CBE /* Resources */,
			);
			buildRules = (
			);
			dependencies = (
				87D49C861EE5C40300D25CBE /* PBXTargetDependency */,
			);
			name = CalculatorTests;
			productName = CalculatorTests;
			productReference = 87D49C841EE5C40300D25CBE /* CalculatorTests.xctest */;
			productType = "com.apple.product-type.bundle.unit-test";
		};
		87D49C8E1EE5C40300D25CBE /* CalculatorUITests */ = {
			isa = PBXNativeTarget;
			buildConfigurationList = 87D49C9E1EE5C40300D25CBE /* Build configuration list for PBXNativeTarget "CalculatorUITests" */;
			buildPhases = (
				87D49C8B1EE5C40300D25CBE /* Sources */,
				87D49C8C1EE5C40300D25CBE /* Frameworks */,
				87D49C8D1EE5C40300D25CBE /* Resources */,
			);
			buildRules = (
			);
			dependencies = (
				87D49C911EE5C40300D25CBE /* PBXTargetDependency */,
			);
			name = CalculatorUITests;
			productName = CalculatorUITests;
			productReference = 87D49C8F1EE5C40300D25CBE /* CalculatorUITests.xctest */;
			productType = "com.apple.product-type.bundle.ui-testing";
		};
/* End PBXNativeTarget section */

/* Begin PBXProject section */
		87D49C681EE5C40300D25CBE /* Project object */ = {
			isa = PBXProject;
			attributes = {
				LastSwiftUpdateCheck = 0830;
				LastUpgradeCheck = 0830;
				ORGANIZATIONNAME = "Wayne Rumble";
				TargetAttributes = {
					87D49C6F1EE5C40300D25CBE = {
						CreatedOnToolsVersion = 8.3.2;
						DevelopmentTeam = L3QZJU3LP7;
						ProvisioningStyle = Automatic;
					};
					87D49C831EE5C40300D25CBE = {
						CreatedOnToolsVersion = 8.3.2;
						DevelopmentTeam = L3QZJU3LP7;
						LastSwiftMigration = 0830;
						ProvisioningStyle = Automatic;
						TestTargetID = 87D49C6F1EE5C40300D25CBE;
					};
					87D49C8E1EE5C40300D25CBE = {
						CreatedOnToolsVersion = 8.3.2;
						DevelopmentTeam = L3QZJU3LP7;
						LastSwiftMigration = 0830;
						ProvisioningStyle = Automatic;
						TestTargetID = 87D49C6F1EE5C40300D25CBE;
					};
				};
			};
			buildConfigurationList = 87D49C6B1EE5C40300D25CBE /* Build configuration list for PBXProject "Calculator" */;
			compatibilityVersion = "Xcode 3.2";
			developmentRegion = English;
			hasScannedForEncodings = 0;
			knownRegions = (
				en,
				Base,
			);
			mainGroup = 87D49C671EE5C40300D25CBE;
			productRefGroup = 87D49C711EE5C40300D25CBE /* Products */;
			projectDirPath = "";
			projectRoot = "";
			targets = (
				87D49C6F1EE5C40300D25CBE /* Calculator */,
				87D49C831EE5C40300D25CBE /* CalculatorTests */,
				87D49C8E1EE5C40300D25CBE /* CalculatorUITests */,
			);
		};
/* End PBXProject section */

/* Begin PBXResourcesBuildPhase section */
		87D49C6E1EE5C40300D25CBE /* Resources */ = {
			isa = PBXResourcesBuildPhase;
			buildActionMask = 2147483647;
			files = (
				87D49C7E1EE5C40300D25CBE /* LaunchScreen.storyboard in Resources */,
				87D49C7B1EE5C40300D25CBE /* Assets.xcassets in Resources */,
				87D49C791EE5C40300D25CBE /* Main.storyboard in Resources */,
			);
			runOnlyForDeploymentPostprocessing = 0;
		};
		87D49C821EE5C40300D25CBE /* Resources */ = {
			isa = PBXResourcesBuildPhase;
			buildActionMask = 2147483647;
			files = (
			);
			runOnlyForDeploymentPostprocessing = 0;
		};
		87D49C8D1EE5C40300D25CBE /* Resources */ = {
			isa = PBXResourcesBuildPhase;
			buildActionMask = 2147483647;
			files = (
			);
			runOnlyForDeploymentPostprocessing = 0;
		};
/* End PBXResourcesBuildPhase section */

/* Begin PBXSourcesBuildPhase section */
		87D49C6C1EE5C40300D25CBE /* Sources */ = {
			isa = PBXSourcesBuildPhase;
			buildActionMask = 2147483647;
			files = (
				87D49CA31EE6D11C00D25CBE /* CalculatorBrain.swift in Sources */,
				87D49C761EE5C40300D25CBE /* ViewController.swift in Sources */,
				87D49C741EE5C40300D25CBE /* AppDelegate.swift in Sources */,
				87D49CA51EEACACF00D25CBE /* Extensions.swift in Sources */,
			);
			runOnlyForDeploymentPostprocessing = 0;
		};
		87D49C801EE5C40300D25CBE /* Sources */ = {
			isa = PBXSourcesBuildPhase;
			buildActionMask = 2147483647;
			files = (
				8728488C1EFD5E1800E20AAD /* CalculatorBrainTests.swift in Sources */,
				8728488D1EFD5E1800E20AAD /* ExtensionTests.swift in Sources */,
			);
			runOnlyForDeploymentPostprocessing = 0;
		};
		87D49C8B1EE5C40300D25CBE /* Sources */ = {
			isa = PBXSourcesBuildPhase;
			buildActionMask = 2147483647;
			files = (
				8728488F1EFD5E2100E20AAD /* ViewControllerUITests.swift in Sources */,
			);
			runOnlyForDeploymentPostprocessing = 0;
		};
/* End PBXSourcesBuildPhase section */

/* Begin PBXTargetDependency section */
		87D49C861EE5C40300D25CBE /* PBXTargetDependency */ = {
			isa = PBXTargetDependency;
			target = 87D49C6F1EE5C40300D25CBE /* Calculator */;
			targetProxy = 87D49C851EE5C40300D25CBE /* PBXContainerItemProxy */;
		};
		87D49C911EE5C40300D25CBE /* PBXTargetDependency */ = {
			isa = PBXTargetDependency;
			target = 87D49C6F1EE5C40300D25CBE /* Calculator */;
			targetProxy = 87D49C901EE5C40300D25CBE /* PBXContainerItemProxy */;
		};
/* End PBXTargetDependency section */

/* Begin PBXVariantGroup section */
		87D49C771EE5C40300D25CBE /* Main.storyboard */ = {
			isa = PBXVariantGroup;
			children = (
				87D49C781EE5C40300D25CBE /* Base */,
			);
			name = Main.storyboard;
			sourceTree = "<group>";
		};
		87D49C7C1EE5C40300D25CBE /* LaunchScreen.storyboard */ = {
			isa = PBXVariantGroup;
			children = (
				87D49C7D1EE5C40300D25CBE /* Base */,
			);
			name = LaunchScreen.storyboard;
			sourceTree = "<group>";
		};
/* End PBXVariantGroup section */

/* Begin XCBuildConfiguration section */
		87D49C961EE5C40300D25CBE /* Debug */ = {
			isa = XCBuildConfiguration;
			buildSettings = {
				ALWAYS_SEARCH_USER_PATHS = NO;
				CLANG_ANALYZER_NONNULL = YES;
				CLANG_ANALYZER_NUMBER_OBJECT_CONVERSION = YES_AGGRESSIVE;
				CLANG_CXX_LANGUAGE_STANDARD = "gnu++0x";
				CLANG_CXX_LIBRARY = "libc++";
				CLANG_ENABLE_MODULES = YES;
				CLANG_ENABLE_OBJC_ARC = YES;
				CLANG_WARN_BOOL_CONVERSION = YES;
				CLANG_WARN_CONSTANT_CONVERSION = YES;
				CLANG_WARN_DIRECT_OBJC_ISA_USAGE = YES_ERROR;
				CLANG_WARN_DOCUMENTATION_COMMENTS = YES;
				CLANG_WARN_EMPTY_BODY = YES;
				CLANG_WARN_ENUM_CONVERSION = YES;
				CLANG_WARN_INFINITE_RECURSION = YES;
				CLANG_WARN_INT_CONVERSION = YES;
				CLANG_WARN_OBJC_ROOT_CLASS = YES_ERROR;
				CLANG_WARN_SUSPICIOUS_MOVE = YES;
				CLANG_WARN_UNREACHABLE_CODE = YES;
				CLANG_WARN__DUPLICATE_METHOD_MATCH = YES;
				"CODE_SIGN_IDENTITY[sdk=iphoneos*]" = "iPhone Developer";
				COPY_PHASE_STRIP = NO;
				DEBUG_INFORMATION_FORMAT = dwarf;
				ENABLE_STRICT_OBJC_MSGSEND = YES;
				ENABLE_TESTABILITY = YES;
				GCC_C_LANGUAGE_STANDARD = gnu99;
				GCC_DYNAMIC_NO_PIC = NO;
				GCC_NO_COMMON_BLOCKS = YES;
				GCC_OPTIMIZATION_LEVEL = 0;
				GCC_PREPROCESSOR_DEFINITIONS = (
					"DEBUG=1",
					"$(inherited)",
				);
				GCC_WARN_64_TO_32_BIT_CONVERSION = YES;
				GCC_WARN_ABOUT_RETURN_TYPE = YES_ERROR;
				GCC_WARN_UNDECLARED_SELECTOR = YES;
				GCC_WARN_UNINITIALIZED_AUTOS = YES_AGGRESSIVE;
				GCC_WARN_UNUSED_FUNCTION = YES;
				GCC_WARN_UNUSED_VARIABLE = YES;
				IPHONEOS_DEPLOYMENT_TARGET = 10.3;
				MTL_ENABLE_DEBUG_INFO = YES;
				ONLY_ACTIVE_ARCH = YES;
				SDKROOT = iphoneos;
				SWIFT_ACTIVE_COMPILATION_CONDITIONS = DEBUG;
				SWIFT_OPTIMIZATION_LEVEL = "-Onone";
				TARGETED_DEVICE_FAMILY = "1,2";
			};
			name = Debug;
		};
		87D49C971EE5C40300D25CBE /* Release */ = {
			isa = XCBuildConfiguration;
			buildSettings = {
				ALWAYS_SEARCH_USER_PATHS = NO;
				CLANG_ANALYZER_NONNULL = YES;
				CLANG_ANALYZER_NUMBER_OBJECT_CONVERSION = YES_AGGRESSIVE;
				CLANG_CXX_LANGUAGE_STANDARD = "gnu++0x";
				CLANG_CXX_LIBRARY = "libc++";
				CLANG_ENABLE_MODULES = YES;
				CLANG_ENABLE_OBJC_ARC = YES;
				CLANG_WARN_BOOL_CONVERSION = YES;
				CLANG_WARN_CONSTANT_CONVERSION = YES;
				CLANG_WARN_DIRECT_OBJC_ISA_USAGE = YES_ERROR;
				CLANG_WARN_DOCUMENTATION_COMMENTS = YES;
				CLANG_WARN_EMPTY_BODY = YES;
				CLANG_WARN_ENUM_CONVERSION = YES;
				CLANG_WARN_INFINITE_RECURSION = YES;
				CLANG_WARN_INT_CONVERSION = YES;
				CLANG_WARN_OBJC_ROOT_CLASS = YES_ERROR;
				CLANG_WARN_SUSPICIOUS_MOVE = YES;
				CLANG_WARN_UNREACHABLE_CODE = YES;
				CLANG_WARN__DUPLICATE_METHOD_MATCH = YES;
				"CODE_SIGN_IDENTITY[sdk=iphoneos*]" = "iPhone Developer";
				COPY_PHASE_STRIP = NO;
				DEBUG_INFORMATION_FORMAT = "dwarf-with-dsym";
				ENABLE_NS_ASSERTIONS = NO;
				ENABLE_STRICT_OBJC_MSGSEND = YES;
				GCC_C_LANGUAGE_STANDARD = gnu99;
				GCC_NO_COMMON_BLOCKS = YES;
				GCC_WARN_64_TO_32_BIT_CONVERSION = YES;
				GCC_WARN_ABOUT_RETURN_TYPE = YES_ERROR;
				GCC_WARN_UNDECLARED_SELECTOR = YES;
				GCC_WARN_UNINITIALIZED_AUTOS = YES_AGGRESSIVE;
				GCC_WARN_UNUSED_FUNCTION = YES;
				GCC_WARN_UNUSED_VARIABLE = YES;
				IPHONEOS_DEPLOYMENT_TARGET = 10.3;
				MTL_ENABLE_DEBUG_INFO = NO;
				SDKROOT = iphoneos;
				SWIFT_OPTIMIZATION_LEVEL = "-Owholemodule";
				TARGETED_DEVICE_FAMILY = "1,2";
				VALIDATE_PRODUCT = YES;
			};
			name = Release;
		};
		87D49C991EE5C40300D25CBE /* Debug */ = {
			isa = XCBuildConfiguration;
			buildSettings = {
				ASSETCATALOG_COMPILER_APPICON_NAME = AppIcon;
				DEVELOPMENT_TEAM = L3QZJU3LP7;
				GCC_TREAT_WARNINGS_AS_ERRORS = YES;
				INFOPLIST_FILE = Calculator/Info.plist;
				LD_RUNPATH_SEARCH_PATHS = "$(inherited) @executable_path/Frameworks";
				PRODUCT_BUNDLE_IDENTIFIER = com.waynerumble.Calculator;
				PRODUCT_NAME = "$(TARGET_NAME)";
				SWIFT_VERSION = 3.0;
			};
			name = Debug;
		};
		87D49C9A1EE5C40300D25CBE /* Release */ = {
			isa = XCBuildConfiguration;
			buildSettings = {
				ASSETCATALOG_COMPILER_APPICON_NAME = AppIcon;
				DEVELOPMENT_TEAM = L3QZJU3LP7;
				GCC_TREAT_WARNINGS_AS_ERRORS = YES;
				INFOPLIST_FILE = Calculator/Info.plist;
				LD_RUNPATH_SEARCH_PATHS = "$(inherited) @executable_path/Frameworks";
				PRODUCT_BUNDLE_IDENTIFIER = com.waynerumble.Calculator;
				PRODUCT_NAME = "$(TARGET_NAME)";
				SWIFT_VERSION = 3.0;
			};
			name = Release;
		};
		87D49C9C1EE5C40300D25CBE /* Debug */ = {
			isa = XCBuildConfiguration;
			buildSettings = {
				ALWAYS_EMBED_SWIFT_STANDARD_LIBRARIES = YES;
				BUNDLE_LOADER = "$(TEST_HOST)";
				CLANG_ENABLE_MODULES = YES;
				DEVELOPMENT_TEAM = L3QZJU3LP7;
				INFOPLIST_FILE = CalculatorTests/Info.plist;
				LD_RUNPATH_SEARCH_PATHS = "$(inherited) @executable_path/Frameworks @loader_path/Frameworks";
				PRODUCT_BUNDLE_IDENTIFIER = com.waynerumble.CalculatorTests;
				PRODUCT_NAME = "$(TARGET_NAME)";
				SWIFT_OPTIMIZATION_LEVEL = "-Onone";
				SWIFT_VERSION = 3.0;
				TEST_HOST = "$(BUILT_PRODUCTS_DIR)/Calculator.app/Calculator";
			};
			name = Debug;
		};
		87D49C9D1EE5C40300D25CBE /* Release */ = {
			isa = XCBuildConfiguration;
			buildSettings = {
				ALWAYS_EMBED_SWIFT_STANDARD_LIBRARIES = YES;
				BUNDLE_LOADER = "$(TEST_HOST)";
				CLANG_ENABLE_MODULES = YES;
				DEVELOPMENT_TEAM = L3QZJU3LP7;
				INFOPLIST_FILE = CalculatorTests/Info.plist;
				LD_RUNPATH_SEARCH_PATHS = "$(inherited) @executable_path/Frameworks @loader_path/Frameworks";
				PRODUCT_BUNDLE_IDENTIFIER = com.waynerumble.CalculatorTests;
				PRODUCT_NAME = "$(TARGET_NAME)";
				SWIFT_VERSION = 3.0;
				TEST_HOST = "$(BUILT_PRODUCTS_DIR)/Calculator.app/Calculator";
			};
			name = Release;
		};
		87D49C9F1EE5C40300D25CBE /* Debug */ = {
			isa = XCBuildConfiguration;
			buildSettings = {
				ALWAYS_EMBED_SWIFT_STANDARD_LIBRARIES = YES;
				CLANG_ENABLE_MODULES = YES;
				DEVELOPMENT_TEAM = L3QZJU3LP7;
				INFOPLIST_FILE = CalculatorUITests/Info.plist;
				LD_RUNPATH_SEARCH_PATHS = "$(inherited) @executable_path/Frameworks @loader_path/Frameworks";
				PRODUCT_BUNDLE_IDENTIFIER = com.waynerumble.CalculatorUITests;
				PRODUCT_NAME = "$(TARGET_NAME)";
				SWIFT_OPTIMIZATION_LEVEL = "-Onone";
				SWIFT_VERSION = 3.0;
				TEST_TARGET_NAME = Calculator;
			};
			name = Debug;
		};
		87D49CA01EE5C40300D25CBE /* Release */ = {
			isa = XCBuildConfiguration;
			buildSettings = {
				ALWAYS_EMBED_SWIFT_STANDARD_LIBRARIES = YES;
				CLANG_ENABLE_MODULES = YES;
				DEVELOPMENT_TEAM = L3QZJU3LP7;
				INFOPLIST_FILE = CalculatorUITests/Info.plist;
				LD_RUNPATH_SEARCH_PATHS = "$(inherited) @executable_path/Frameworks @loader_path/Frameworks";
				PRODUCT_BUNDLE_IDENTIFIER = com.waynerumble.CalculatorUITests;
				PRODUCT_NAME = "$(TARGET_NAME)";
				SWIFT_VERSION = 3.0;
				TEST_TARGET_NAME = Calculator;
			};
			name = Release;
		};
/* End XCBuildConfiguration section */

/* Begin XCConfigurationList section */
		87D49C6B1EE5C40300D25CBE /* Build configuration list for PBXProject "Calculator" */ = {
			isa = XCConfigurationList;
			buildConfigurations = (
				87D49C961EE5C40300D25CBE /* Debug */,
				87D49C971EE5C40300D25CBE /* Release */,
			);
			defaultConfigurationIsVisible = 0;
			defaultConfigurationName = Release;
		};
		87D49C981EE5C40300D25CBE /* Build configuration list for PBXNativeTarget "Calculator" */ = {
			isa = XCConfigurationList;
			buildConfigurations = (
				87D49C991EE5C40300D25CBE /* Debug */,
				87D49C9A1EE5C40300D25CBE /* Release */,
			);
			defaultConfigurationIsVisible = 0;
			defaultConfigurationName = Release;
		};
		87D49C9B1EE5C40300D25CBE /* Build configuration list for PBXNativeTarget "CalculatorTests" */ = {
			isa = XCConfigurationList;
			buildConfigurations = (
				87D49C9C1EE5C40300D25CBE /* Debug */,
				87D49C9D1EE5C40300D25CBE /* Release */,
			);
			defaultConfigurationIsVisible = 0;
			defaultConfigurationName = Release;
		};
		87D49C9E1EE5C40300D25CBE /* Build configuration list for PBXNativeTarget "CalculatorUITests" */ = {
			isa = XCConfigurationList;
			buildConfigurations = (
				87D49C9F1EE5C40300D25CBE /* Debug */,
				87D49CA01EE5C40300D25CBE /* Release */,
			);
			defaultConfigurationIsVisible = 0;
			defaultConfigurationName = Release;
		};
/* End XCConfigurationList section */
	};
	rootObject = 87D49C681EE5C40300D25CBE /* Project object */;
}
